
Microsoft Visual Studio Solution File, Format Version 12.00
# Visual Studio 14
VisualStudioVersion = 14.0.22310.1
MinimumVisualStudioVersion = 10.0.40219.1
Project("{FAE04EC0-301F-11D3-BF4B-00C04F79EFBC}") = "GraphDocs.Core", "GraphDocs.Core\GraphDocs.Core.csproj", "{EA1FACFD-11EA-4333-9B70-E4761CF9224B}"
EndProject
Project("{FAE04EC0-301F-11D3-BF4B-00C04F79EFBC}") = "GraphDocs.Infrastructure", "GraphDocs.Infrastructure\GraphDocs.Infrastructure.csproj", "{2243DF9B-8E71-47D3-B7FE-82EC9050DF21}"
EndProject
Project("{FAE04EC0-301F-11D3-BF4B-00C04F79EFBC}") = "GraphDocs.Tests", "GraphDocs.Tests\GraphDocs.Tests.csproj", "{9C4AB162-868C-4E86-9861-97A12EC4FE71}"
EndProject
Project("{FAE04EC0-301F-11D3-BF4B-00C04F79EFBC}") = "GraphDocs.WebService", "GraphDocs.WebService\GraphDocs.WebService.csproj", "{F50EA729-E6DE-414A-A1C4-9AA9279E4FF0}"
EndProject
Project("{2150E333-8FDC-42A3-9474-1A3956D46DE8}") = "Tests", "Tests", "{F1611485-034C-45AA-A10B-AB30AF1148CC}"
EndProject
Project("{2150E333-8FDC-42A3-9474-1A3956D46DE8}") = "Workflow", "Workflow", "{26AD2ED5-024A-42EC-8934-FDB96D691497}"
EndProject
Project("{FAE04EC0-301F-11D3-BF4B-00C04F79EFBC}") = "CustomInstanceStore", "Neo4jWorkflowInstanceStore\CustomInstanceStore.csproj", "{D7ED7782-73EA-4187-837F-4BFDAD7A52DD}"
EndProject
Project("{FAE04EC0-301F-11D3-BF4B-00C04F79EFBC}") = "GraphDocs.Workflow.Core", "GraphDocs.Workflow.Core\GraphDocs.Workflow.Core.csproj", "{F6F9BC1B-5CB8-4C75-97E4-F4081A0C88A7}"
EndProject
Project("{2150E333-8FDC-42A3-9474-1A3956D46DE8}") = ".nuget", ".nuget", "{B6661C9B-D7E9-46EF-A228-209B0ADA964B}"
	ProjectSection(SolutionItems) = preProject
		.nuget\NuGet.Config = .nuget\NuGet.Config
		.nuget\NuGet.exe = .nuget\NuGet.exe
		.nuget\NuGet.targets = .nuget\NuGet.targets
	EndProjectSection
EndProject
Global
	GlobalSection(SolutionConfigurationPlatforms) = preSolution
		Debug|Any CPU = Debug|Any CPU
		Release|Any CPU = Release|Any CPU
	EndGlobalSection
	GlobalSection(ProjectConfigurationPlatforms) = postSolution
		{EA1FACFD-11EA-4333-9B70-E4761CF9224B}.Debug|Any CPU.ActiveCfg = Debug|Any CPU
		{EA1FACFD-11EA-4333-9B70-E4761CF9224B}.Debug|Any CPU.Build.0 = Debug|Any CPU
		{EA1FACFD-11EA-4333-9B70-E4761CF9224B}.Release|Any CPU.ActiveCfg = Release|Any CPU
		{EA1FACFD-11EA-4333-9B70-E4761CF9224B}.Release|Any CPU.Build.0 = Release|Any CPU
		{2243DF9B-8E71-47D3-B7FE-82EC9050DF21}.Debug|Any CPU.ActiveCfg = Debug|Any CPU
		{2243DF9B-8E71-47D3-B7FE-82EC9050DF21}.Debug|Any CPU.Build.0 = Debug|Any CPU
		{2243DF9B-8E71-47D3-B7FE-82EC9050DF21}.Release|Any CPU.ActiveCfg = Release|Any CPU
		{2243DF9B-8E71-47D3-B7FE-82EC9050DF21}.Release|Any CPU.Build.0 = Release|Any CPU
		{9C4AB162-868C-4E86-9861-97A12EC4FE71}.Debug|Any CPU.ActiveCfg = Debug|Any CPU
		{9C4AB162-868C-4E86-9861-97A12EC4FE71}.Debug|Any CPU.Build.0 = Debug|Any CPU
		{9C4AB162-868C-4E86-9861-97A12EC4FE71}.Release|Any CPU.ActiveCfg = Release|Any CPU
		{9C4AB162-868C-4E86-9861-97A12EC4FE71}.Release|Any CPU.Build.0 = Release|Any CPU
		{F50EA729-E6DE-414A-A1C4-9AA9279E4FF0}.Debug|Any CPU.ActiveCfg = Debug|Any CPU
		{F50EA729-E6DE-414A-A1C4-9AA9279E4FF0}.Debug|Any CPU.Build.0 = Debug|Any CPU
		{F50EA729-E6DE-414A-A1C4-9AA9279E4FF0}.Release|Any CPU.ActiveCfg = Release|Any CPU
		{F50EA729-E6DE-414A-A1C4-9AA9279E4FF0}.Release|Any CPU.Build.0 = Release|Any CPU
		{D7ED7782-73EA-4187-837F-4BFDAD7A52DD}.Debug|Any CPU.ActiveCfg = Debug|Any CPU
		{D7ED7782-73EA-4187-837F-4BFDAD7A52DD}.Debug|Any CPU.Build.0 = Debug|Any CPU
		{D7ED7782-73EA-4187-837F-4BFDAD7A52DD}.Release|Any CPU.ActiveCfg = Release|Any CPU
		{D7ED7782-73EA-4187-837F-4BFDAD7A52DD}.Release|Any CPU.Build.0 = Release|Any CPU
		{F6F9BC1B-5CB8-4C75-97E4-F4081A0C88A7}.Debug|Any CPU.ActiveCfg = Debug|Any CPU
		{F6F9BC1B-5CB8-4C75-97E4-F4081A0C88A7}.Debug|Any CPU.Build.0 = Debug|Any CPU
		{F6F9BC1B-5CB8-4C75-97E4-F4081A0C88A7}.Release|Any CPU.ActiveCfg = Release|Any CPU
		{F6F9BC1B-5CB8-4C75-97E4-F4081A0C88A7}.Release|Any CPU.Build.0 = Release|Any CPU
	EndGlobalSection
	GlobalSection(SolutionProperties) = preSolution
		HideSolutionNode = FALSE
	EndGlobalSection
	GlobalSection(NestedProjects) = preSolution
		{9C4AB162-868C-4E86-9861-97A12EC4FE71} = {F1611485-034C-45AA-A10B-AB30AF1148CC}
		{D7ED7782-73EA-4187-837F-4BFDAD7A52DD} = {26AD2ED5-024A-42EC-8934-FDB96D691497}
		{F6F9BC1B-5CB8-4C75-97E4-F4081A0C88A7} = {26AD2ED5-024A-42EC-8934-FDB96D691497}
	EndGlobalSection
EndGlobal
