
Microsoft Visual Studio Solution File, Format Version 12.00
# Visual Studio 2013
VisualStudioVersion = 12.0.31101.0
MinimumVisualStudioVersion = 10.0.40219.1
Project("{FAE04EC0-301F-11D3-BF4B-00C04F79EFBC}") = "WorkflowTestConsole", "ConsoleApplication1\WorkflowTestConsole.csproj", "{478FC525-61EF-47F7-BCFB-EBA84D34B3FF}"
EndProject
Project("{FAE04EC0-301F-11D3-BF4B-00C04F79EFBC}") = "Neo4jWorkflowInstanceStore", "Neo4jWorkflowInstanceStore\Neo4jWorkflowInstanceStore.csproj", "{D7ED7782-73EA-4187-837F-4BFDAD7A52DD}"
EndProject
Project("{FAE04EC0-301F-11D3-BF4B-00C04F79EFBC}") = "WorkflowActivities", "WorkflowActivities\WorkflowActivities.csproj", "{B848C685-8136-472B-B205-0D9F32745B1F}"
EndProject
Global
	GlobalSection(SolutionConfigurationPlatforms) = preSolution
		Debug|Any CPU = Debug|Any CPU
		Release|Any CPU = Release|Any CPU
	EndGlobalSection
	GlobalSection(ProjectConfigurationPlatforms) = postSolution
		{478FC525-61EF-47F7-BCFB-EBA84D34B3FF}.Debug|Any CPU.ActiveCfg = Debug|Any CPU
		{478FC525-61EF-47F7-BCFB-EBA84D34B3FF}.Debug|Any CPU.Build.0 = Debug|Any CPU
		{478FC525-61EF-47F7-BCFB-EBA84D34B3FF}.Release|Any CPU.ActiveCfg = Release|Any CPU
		{478FC525-61EF-47F7-BCFB-EBA84D34B3FF}.Release|Any CPU.Build.0 = Release|Any CPU
		{D7ED7782-73EA-4187-837F-4BFDAD7A52DD}.Debug|Any CPU.ActiveCfg = Debug|Any CPU
		{D7ED7782-73EA-4187-837F-4BFDAD7A52DD}.Debug|Any CPU.Build.0 = Debug|Any CPU
		{D7ED7782-73EA-4187-837F-4BFDAD7A52DD}.Release|Any CPU.ActiveCfg = Release|Any CPU
		{D7ED7782-73EA-4187-837F-4BFDAD7A52DD}.Release|Any CPU.Build.0 = Release|Any CPU
		{B848C685-8136-472B-B205-0D9F32745B1F}.Debug|Any CPU.ActiveCfg = Debug|Any CPU
		{B848C685-8136-472B-B205-0D9F32745B1F}.Debug|Any CPU.Build.0 = Debug|Any CPU
		{B848C685-8136-472B-B205-0D9F32745B1F}.Release|Any CPU.ActiveCfg = Release|Any CPU
		{B848C685-8136-472B-B205-0D9F32745B1F}.Release|Any CPU.Build.0 = Release|Any CPU
	EndGlobalSection
	GlobalSection(SolutionProperties) = preSolution
		HideSolutionNode = FALSE
	EndGlobalSection
EndGlobal
